{
  "pins" : [
    {
      "identity" : "cocoaasyncsocket",
      "kind" : "remoteSourceControl",
      "location" : "https://github.com/robbiehanson/CocoaAsyncSocket",
      "state" : {
        "branch" : "master",
        "revision" : "5ddba5e72f38e56010dbfac08b44478ee5000c0c"
      }
    }
  ],
  "version" : 2
}
